
Microsoft Visual Studio Solution File, Format Version 12.00
# Visual Studio Version 17
VisualStudioVersion = 17.5.002.0
MinimumVisualStudioVersion = 10.0.40219.1
Project("{9A19103F-16F7-4668-BE54-9A1E7A4F7556}") = "Library", "Library.csproj", "{8608908B-BC1D-48B3-9E6D-555DC3B969B4}"
EndProject
Global
	GlobalSection(SolutionConfigurationPlatforms) = preSolution
		Debug|Any CPU = Debug|Any CPU
		Release|Any CPU = Release|Any CPU
	EndGlobalSection
	GlobalSection(ProjectConfigurationPlatforms) = postSolution
		{8608908B-BC1D-48B3-9E6D-555DC3B969B4}.Debug|Any CPU.ActiveCfg = Debug|Any CPU
		{8608908B-BC1D-48B3-9E6D-555DC3B969B4}.Debug|Any CPU.Build.0 = Debug|Any CPU
		{8608908B-BC1D-48B3-9E6D-555DC3B969B4}.Release|Any CPU.ActiveCfg = Release|Any CPU
		{8608908B-BC1D-48B3-9E6D-555DC3B969B4}.Release|Any CPU.Build.0 = Release|Any CPU
	EndGlobalSection
	GlobalSection(SolutionProperties) = preSolution
		HideSolutionNode = FALSE
	EndGlobalSection
	GlobalSection(ExtensibilityGlobals) = postSolution
		SolutionGuid = {D023061B-A259-4CAB-A0BE-289224226787}
	EndGlobalSection
EndGlobal
